
Microsoft Visual Studio Solution File, Format Version 12.00
# Visual Studio Version 17
VisualStudioVersion = 17.0.32126.317
MinimumVisualStudioVersion = 10.0.40219.1
Project("{FAE04EC0-301F-11D3-BF4B-00C04F79EFBC}") = "ConsoleAppFirst", "ConsoleAppFirst\ConsoleAppFirst.csproj", "{A29244B5-3427-4ED9-BFA7-BE65FB218D92}"
EndProject
Global
	GlobalSection(SolutionConfigurationPlatforms) = preSolution
		Debug|Any CPU = Debug|Any CPU
		Release|Any CPU = Release|Any CPU
	EndGlobalSection
	GlobalSection(ProjectConfigurationPlatforms) = postSolution
		{A29244B5-3427-4ED9-BFA7-BE65FB218D92}.Debug|Any CPU.ActiveCfg = Debug|Any CPU
		{A29244B5-3427-4ED9-BFA7-BE65FB218D92}.Debug|Any CPU.Build.0 = Debug|Any CPU
		{A29244B5-3427-4ED9-BFA7-BE65FB218D92}.Release|Any CPU.ActiveCfg = Release|Any CPU
		{A29244B5-3427-4ED9-BFA7-BE65FB218D92}.Release|Any CPU.Build.0 = Release|Any CPU
	EndGlobalSection
	GlobalSection(SolutionProperties) = preSolution
		HideSolutionNode = FALSE
	EndGlobalSection
	GlobalSection(ExtensibilityGlobals) = postSolution
		SolutionGuid = {A590D5EA-3434-4498-A3AF-A1D21CDDD741}
	EndGlobalSection
EndGlobal
